Microsoft Visual Studio Solution File, Format Version 12.00
# Visual Studio Version 17
VisualStudioVersion = 17.5.2.0
MinimumVisualStudioVersion = 10.0.40219.1
Project("{FAE04EC0-301F-11D3-BF4B-00C04F79EFBC}") = "EncurtadorUrl", "EncurtadorUrl.csproj", "{FEA5EFE4-3627-BC25-AE7F-F5BB18313B59}"
EndProject
Global
	GlobalSection(SolutionConfigurationPlatforms) = preSolution
		Debug|Any CPU = Debug|Any CPU
		Release|Any CPU = Release|Any CPU
	EndGlobalSection
	GlobalSection(ProjectConfigurationPlatforms) = postSolution
		{FEA5EFE4-3627-BC25-AE7F-F5BB18313B59}.Debug|Any CPU.ActiveCfg = Debug|Any CPU
		{FEA5EFE4-3627-BC25-AE7F-F5BB18313B59}.Debug|Any CPU.Build.0 = Debug|Any CPU
		{FEA5EFE4-3627-BC25-AE7F-F5BB18313B59}.Release|Any CPU.ActiveCfg = Release|Any CPU
		{FEA5EFE4-3627-BC25-AE7F-F5BB18313B59}.Release|Any CPU.Build.0 = Release|Any CPU
	EndGlobalSection
	GlobalSection(SolutionProperties) = preSolution
		HideSolutionNode = FALSE
	EndGlobalSection
	GlobalSection(ExtensibilityGlobals) = postSolution
		SolutionGuid = {259CCC7F-59FF-4A8B-B368-C743A770E881}
	EndGlobalSection
EndGlobal
